
Microsoft Visual Studio Solution File, Format Version 12.00
# Visual Studio Version 17
VisualStudioVersion = 17.9.34728.123
MinimumVisualStudioVersion = 10.0.40219.1
Project("{FAE04EC0-301F-11D3-BF4B-00C04F79EFBC}") = "Reto#5-Food-Delivery-App", "Reto#5-Food-Delivery-App.csproj", "{9551075F-5979-4B91-BC5C-E630236EFCEA}"
EndProject
Global
	GlobalSection(SolutionConfigurationPlatforms) = preSolution
		Debug|Any CPU = Debug|Any CPU
		Release|Any CPU = Release|Any CPU
	EndGlobalSection
	GlobalSection(ProjectConfigurationPlatforms) = postSolution
		{9551075F-5979-4B91-BC5C-E630236EFCEA}.Debug|Any CPU.ActiveCfg = Debug|Any CPU
		{9551075F-5979-4B91-BC5C-E630236EFCEA}.Debug|Any CPU.Build.0 = Debug|Any CPU
		{9551075F-5979-4B91-BC5C-E630236EFCEA}.Debug|Any CPU.Deploy.0 = Debug|Any CPU
		{9551075F-5979-4B91-BC5C-E630236EFCEA}.Release|Any CPU.ActiveCfg = Release|Any CPU
		{9551075F-5979-4B91-BC5C-E630236EFCEA}.Release|Any CPU.Build.0 = Release|Any CPU
		{9551075F-5979-4B91-BC5C-E630236EFCEA}.Release|Any CPU.Deploy.0 = Release|Any CPU
	EndGlobalSection
	GlobalSection(SolutionProperties) = preSolution
		HideSolutionNode = FALSE
	EndGlobalSection
	GlobalSection(ExtensibilityGlobals) = postSolution
		SolutionGuid = {B91DE14B-D280-4EA9-A88F-89266D7BE671}
	EndGlobalSection
EndGlobal
